
Microsoft Visual Studio Solution File, Format Version 12.00
# Visual Studio Version 17
VisualStudioVersion = 17.11.35312.102
MinimumVisualStudioVersion = 10.0.40219.1
Project("{9A19103F-16F7-4668-BE54-9A1E7A4F7556}") = "Garena2", "Garena2\Garena2.csproj", "{06CDBC95-6DFC-430C-BA88-EF0032D00112}"
EndProject
Project("{9A19103F-16F7-4668-BE54-9A1E7A4F7556}") = "DAL", "DAL\DAL.csproj", "{8CC0F696-AAEF-4ABD-A5FC-B18E58EA4BB0}"
EndProject
Project("{FAE04EC0-301F-11D3-BF4B-00C04F79EFBC}") = "BLL", "BLL\BLL.csproj", "{B78DF4F1-9C72-45D5-A89C-DF1E7CBD06BE}"
EndProject
Project("{FAE04EC0-301F-11D3-BF4B-00C04F79EFBC}") = "Common", "Common\Common.csproj", "{07E54D7D-107E-46BD-961C-B71FA78CA650}"
EndProject
Project("{FAE04EC0-301F-11D3-BF4B-00C04F79EFBC}") = "GarenaFrondEnd", "GarenaFrondEnd\GarenaFrondEnd.csproj", "{D43FB937-C7C1-4273-869E-6F698C99BC4D}"
EndProject
Global
	GlobalSection(SolutionConfigurationPlatforms) = preSolution
		Debug|Any CPU = Debug|Any CPU
		Release|Any CPU = Release|Any CPU
	EndGlobalSection
	GlobalSection(ProjectConfigurationPlatforms) = postSolution
		{06CDBC95-6DFC-430C-BA88-EF0032D00112}.Debug|Any CPU.ActiveCfg = Debug|Any CPU
		{06CDBC95-6DFC-430C-BA88-EF0032D00112}.Debug|Any CPU.Build.0 = Debug|Any CPU
		{06CDBC95-6DFC-430C-BA88-EF0032D00112}.Release|Any CPU.ActiveCfg = Release|Any CPU
		{06CDBC95-6DFC-430C-BA88-EF0032D00112}.Release|Any CPU.Build.0 = Release|Any CPU
		{8CC0F696-AAEF-4ABD-A5FC-B18E58EA4BB0}.Debug|Any CPU.ActiveCfg = Debug|Any CPU
		{8CC0F696-AAEF-4ABD-A5FC-B18E58EA4BB0}.Debug|Any CPU.Build.0 = Debug|Any CPU
		{8CC0F696-AAEF-4ABD-A5FC-B18E58EA4BB0}.Release|Any CPU.ActiveCfg = Release|Any CPU
		{8CC0F696-AAEF-4ABD-A5FC-B18E58EA4BB0}.Release|Any CPU.Build.0 = Release|Any CPU
		{B78DF4F1-9C72-45D5-A89C-DF1E7CBD06BE}.Debug|Any CPU.ActiveCfg = Debug|Any CPU
		{B78DF4F1-9C72-45D5-A89C-DF1E7CBD06BE}.Debug|Any CPU.Build.0 = Debug|Any CPU
		{B78DF4F1-9C72-45D5-A89C-DF1E7CBD06BE}.Release|Any CPU.ActiveCfg = Release|Any CPU
		{B78DF4F1-9C72-45D5-A89C-DF1E7CBD06BE}.Release|Any CPU.Build.0 = Release|Any CPU
		{07E54D7D-107E-46BD-961C-B71FA78CA650}.Debug|Any CPU.ActiveCfg = Debug|Any CPU
		{07E54D7D-107E-46BD-961C-B71FA78CA650}.Debug|Any CPU.Build.0 = Debug|Any CPU
		{07E54D7D-107E-46BD-961C-B71FA78CA650}.Release|Any CPU.ActiveCfg = Release|Any CPU
		{07E54D7D-107E-46BD-961C-B71FA78CA650}.Release|Any CPU.Build.0 = Release|Any CPU
		{D43FB937-C7C1-4273-869E-6F698C99BC4D}.Debug|Any CPU.ActiveCfg = Debug|Any CPU
		{D43FB937-C7C1-4273-869E-6F698C99BC4D}.Debug|Any CPU.Build.0 = Debug|Any CPU
		{D43FB937-C7C1-4273-869E-6F698C99BC4D}.Release|Any CPU.ActiveCfg = Release|Any CPU
		{D43FB937-C7C1-4273-869E-6F698C99BC4D}.Release|Any CPU.Build.0 = Release|Any CPU
	EndGlobalSection
	GlobalSection(SolutionProperties) = preSolution
		HideSolutionNode = FALSE
	EndGlobalSection
	GlobalSection(ExtensibilityGlobals) = postSolution
		SolutionGuid = {36A4520B-6433-4D18-9399-A5B180B2661E}
	EndGlobalSection
EndGlobal
